# This file is generated by running "yarn install" inside your project.
# Manual changes might be lost - proceed with caution!

__metadata:
  version: 8
  cacheKey: 10c0

"foundation-sites@npm:^6.8.1":
  version: 6.8.1
  resolution: "foundation-sites@npm:6.8.1"
  peerDependencies:
    jquery: ">=3.6.0"
    motion-ui: "*"
    what-input: ">=5.2.10"
  checksum: 10c0/40a73d31838fa57ea96fd153f7f6c24819b4a17aa21ee83ab14e6ec57d32cdaa3e1786e8138d6fdc5c6cb5c90b23b54d7c6e7fe4371d70e9424a3101dc3fdadd
  languageName: node
  linkType: hard

"git@npm:^0.1.5":
  version: 0.1.5
  resolution: "git@npm:0.1.5"
  dependencies:
    mime: "npm:1.2.9"
  checksum: 10c0/844b9318cd5054ff8f03cdd619897e1d260f5f462333baf8f629e4aab691603ddc58589c64f2546f95b6d8317323b790f6e9f692d92d3616c0224940275a7f80
  languageName: node
  linkType: hard

"mime@npm:1.2.9":
  version: 1.2.9
  resolution: "mime@npm:1.2.9"
  checksum: 10c0/787ffe97e0bec4bf5aed2cc8f28c003bb57fcd83834602279ef20249fbd8cab83ef1867d1f646cd52ed62ebeadf55bc832b60baf99a243ebcfac472a30696259
  languageName: node
  linkType: hard

"root-workspace-0b6124@workspace:.":
  version: 0.0.0-use.local
  resolution: "root-workspace-0b6124@workspace:."
  dependencies:
    foundation-sites: "npm:^6.8.1"
    git: "npm:^0.1.5"
  languageName: unknown
  linkType: soft
